
Microsoft Visual Studio Solution File, Format Version 12.00
# Visual Studio Version 17
VisualStudioVersion = 17.11.35303.130
MinimumVisualStudioVersion = 10.0.40219.1
Project("{FAE04EC0-301F-11D3-BF4B-00C04F79EFBC}") = "ManyToOneRelationExample", "ManyToOneRelationExample\ManyToOneRelationExample.csproj", "{E0ECF66B-C986-4CB0-8284-4F970D14E528}"
EndProject
Project("{FAE04EC0-301F-11D3-BF4B-00C04F79EFBC}") = "ClassLibrary1", "ClassLibrary1\ClassLibrary1.csproj", "{22D53B39-30D8-4F14-AAAC-366921A4197D}"
EndProject
Global
	GlobalSection(SolutionConfigurationPlatforms) = preSolution
		Debug|Any CPU = Debug|Any CPU
		Release|Any CPU = Release|Any CPU
	EndGlobalSection
	GlobalSection(ProjectConfigurationPlatforms) = postSolution
		{E0ECF66B-C986-4CB0-8284-4F970D14E528}.Debug|Any CPU.ActiveCfg = Debug|Any CPU
		{E0ECF66B-C986-4CB0-8284-4F970D14E528}.Debug|Any CPU.Build.0 = Debug|Any CPU
		{E0ECF66B-C986-4CB0-8284-4F970D14E528}.Release|Any CPU.ActiveCfg = Release|Any CPU
		{E0ECF66B-C986-4CB0-8284-4F970D14E528}.Release|Any CPU.Build.0 = Release|Any CPU
		{22D53B39-30D8-4F14-AAAC-366921A4197D}.Debug|Any CPU.ActiveCfg = Debug|Any CPU
		{22D53B39-30D8-4F14-AAAC-366921A4197D}.Debug|Any CPU.Build.0 = Debug|Any CPU
		{22D53B39-30D8-4F14-AAAC-366921A4197D}.Release|Any CPU.ActiveCfg = Release|Any CPU
		{22D53B39-30D8-4F14-AAAC-366921A4197D}.Release|Any CPU.Build.0 = Release|Any CPU
	EndGlobalSection
	GlobalSection(SolutionProperties) = preSolution
		HideSolutionNode = FALSE
	EndGlobalSection
	GlobalSection(ExtensibilityGlobals) = postSolution
		SolutionGuid = {604E5729-D74A-4A9F-9005-2F26A2CA3B4B}
	EndGlobalSection
EndGlobal
